
Microsoft Visual Studio Solution File, Format Version 12.00
# Visual Studio Version 16
VisualStudioVersion = 16.0.30524.135
MinimumVisualStudioVersion = 10.0.40219.1
Project("{2150E333-8FDC-42A3-9474-1A3956D46DE8}") = "1 - Presentation", "1 - Presentation", "{D409ED0C-93E1-4CCF-B6F4-534CA94F4C1F}"
EndProject
Project("{2150E333-8FDC-42A3-9474-1A3956D46DE8}") = "2 - Services", "2 - Services", "{8B1E966D-E22C-4AFB-88E2-D7F8C000A54F}"
EndProject
Project("{2150E333-8FDC-42A3-9474-1A3956D46DE8}") = "3 - Application", "3 - Application", "{D5B80EDC-5EDF-4B0D-BD2C-1B286C2F7E7E}"
EndProject
Project("{2150E333-8FDC-42A3-9474-1A3956D46DE8}") = "4 - Domain", "4 - Domain", "{97273971-1D10-4C42-B8F5-DB845652BC7F}"
EndProject
Project("{2150E333-8FDC-42A3-9474-1A3956D46DE8}") = "5 - Infra", "5 - Infra", "{892583BD-8D59-4A3C-BE0D-9CACAC2FA801}"
EndProject
Project("{2150E333-8FDC-42A3-9474-1A3956D46DE8}") = "6 - Test", "6 - Test", "{42E6DBA5-292C-4393-9E7E-21C1A0681CA7}"
EndProject
Project("{2150E333-8FDC-42A3-9474-1A3956D46DE8}") = "5.2 - CrossCutting", "5.2 - CrossCutting", "{7B434F57-BC5E-4C70-BDB3-C79DC4F94601}"
EndProject
Project("{2150E333-8FDC-42A3-9474-1A3956D46DE8}") = "5.1 - Data", "5.1 - Data", "{BA81740C-5C3A-418D-B644-BC9259F8F882}"
EndProject
Project("{9A19103F-16F7-4668-BE54-9A1E7A4F7556}") = "ISys.Infra.CrossCutting.Identity", "src\ISys.Infra.CrossCutting.Identity\ISys.Infra.CrossCutting.Identity.csproj", "{D0476D30-12A9-4356-9738-4BE59984364C}"
EndProject
Project("{9A19103F-16F7-4668-BE54-9A1E7A4F7556}") = "ISys.Infra.CrossCutting.Bus", "src\ISys.Infra.CrossCutting.Bus\ISys.Infra.CrossCutting.Bus.csproj", "{28B19989-9760-4FD7-A938-14EAB5F5B591}"
EndProject
Project("{9A19103F-16F7-4668-BE54-9A1E7A4F7556}") = "ISys.Infra.CrossCutting.Ioc", "src\ISys.Infra.CrossCutting.Ioc\ISys.Infra.CrossCutting.Ioc.csproj", "{38EB063D-F87A-4249-A880-DD77C60AECAD}"
EndProject
Project("{9A19103F-16F7-4668-BE54-9A1E7A4F7556}") = "ISys.Infra.Data", "src\ISys.Infra.Data\ISys.Infra.Data.csproj", "{0FD304CE-8B91-43AF-93CC-D6295F7B74DB}"
EndProject
Project("{9A19103F-16F7-4668-BE54-9A1E7A4F7556}") = "ISys.Domain", "src\ISys.Domain\ISys.Domain.csproj", "{001E1509-46C0-4852-B2D8-3526202B3348}"
EndProject
Project("{9A19103F-16F7-4668-BE54-9A1E7A4F7556}") = "ISys.Domain.Core", "src\ISys.Domain.Core\ISys.Domain.Core.csproj", "{D8AD8F23-8734-4E79-9A98-40F950984B09}"
EndProject
Project("{9A19103F-16F7-4668-BE54-9A1E7A4F7556}") = "ISys.Application", "src\ISys.Application\ISys.Application.csproj", "{2645137E-E6A3-4810-B389-874A9270FE2F}"
EndProject
Project("{9A19103F-16F7-4668-BE54-9A1E7A4F7556}") = "ISys.Services.Api", "src\ISys.Services.Api\ISys.Services.Api.csproj", "{AC2B4BFB-5601-4B98-949C-688BF9E25701}"
EndProject
Project("{9A19103F-16F7-4668-BE54-9A1E7A4F7556}") = "ISys.UI.Web", "src\ISys.UI.Web\ISys.UI.Web.csproj", "{067B7E7E-B148-4BC2-BDB7-4101CDA6B40C}"
EndProject
Global
	GlobalSection(SolutionConfigurationPlatforms) = preSolution
		Debug|Any CPU = Debug|Any CPU
		Release|Any CPU = Release|Any CPU
	EndGlobalSection
	GlobalSection(ProjectConfigurationPlatforms) = postSolution
		{D0476D30-12A9-4356-9738-4BE59984364C}.Debug|Any CPU.ActiveCfg = Debug|Any CPU
		{D0476D30-12A9-4356-9738-4BE59984364C}.Debug|Any CPU.Build.0 = Debug|Any CPU
		{D0476D30-12A9-4356-9738-4BE59984364C}.Release|Any CPU.ActiveCfg = Release|Any CPU
		{D0476D30-12A9-4356-9738-4BE59984364C}.Release|Any CPU.Build.0 = Release|Any CPU
		{28B19989-9760-4FD7-A938-14EAB5F5B591}.Debug|Any CPU.ActiveCfg = Debug|Any CPU
		{28B19989-9760-4FD7-A938-14EAB5F5B591}.Debug|Any CPU.Build.0 = Debug|Any CPU
		{28B19989-9760-4FD7-A938-14EAB5F5B591}.Release|Any CPU.ActiveCfg = Release|Any CPU
		{28B19989-9760-4FD7-A938-14EAB5F5B591}.Release|Any CPU.Build.0 = Release|Any CPU
		{38EB063D-F87A-4249-A880-DD77C60AECAD}.Debug|Any CPU.ActiveCfg = Debug|Any CPU
		{38EB063D-F87A-4249-A880-DD77C60AECAD}.Debug|Any CPU.Build.0 = Debug|Any CPU
		{38EB063D-F87A-4249-A880-DD77C60AECAD}.Release|Any CPU.ActiveCfg = Release|Any CPU
		{38EB063D-F87A-4249-A880-DD77C60AECAD}.Release|Any CPU.Build.0 = Release|Any CPU
		{0FD304CE-8B91-43AF-93CC-D6295F7B74DB}.Debug|Any CPU.ActiveCfg = Debug|Any CPU
		{0FD304CE-8B91-43AF-93CC-D6295F7B74DB}.Debug|Any CPU.Build.0 = Debug|Any CPU
		{0FD304CE-8B91-43AF-93CC-D6295F7B74DB}.Release|Any CPU.ActiveCfg = Release|Any CPU
		{0FD304CE-8B91-43AF-93CC-D6295F7B74DB}.Release|Any CPU.Build.0 = Release|Any CPU
		{001E1509-46C0-4852-B2D8-3526202B3348}.Debug|Any CPU.ActiveCfg = Debug|Any CPU
		{001E1509-46C0-4852-B2D8-3526202B3348}.Debug|Any CPU.Build.0 = Debug|Any CPU
		{001E1509-46C0-4852-B2D8-3526202B3348}.Release|Any CPU.ActiveCfg = Release|Any CPU
		{001E1509-46C0-4852-B2D8-3526202B3348}.Release|Any CPU.Build.0 = Release|Any CPU
		{D8AD8F23-8734-4E79-9A98-40F950984B09}.Debug|Any CPU.ActiveCfg = Debug|Any CPU
		{D8AD8F23-8734-4E79-9A98-40F950984B09}.Debug|Any CPU.Build.0 = Debug|Any CPU
		{D8AD8F23-8734-4E79-9A98-40F950984B09}.Release|Any CPU.ActiveCfg = Release|Any CPU
		{D8AD8F23-8734-4E79-9A98-40F950984B09}.Release|Any CPU.Build.0 = Release|Any CPU
		{2645137E-E6A3-4810-B389-874A9270FE2F}.Debug|Any CPU.ActiveCfg = Debug|Any CPU
		{2645137E-E6A3-4810-B389-874A9270FE2F}.Debug|Any CPU.Build.0 = Debug|Any CPU
		{2645137E-E6A3-4810-B389-874A9270FE2F}.Release|Any CPU.ActiveCfg = Release|Any CPU
		{2645137E-E6A3-4810-B389-874A9270FE2F}.Release|Any CPU.Build.0 = Release|Any CPU
		{AC2B4BFB-5601-4B98-949C-688BF9E25701}.Debug|Any CPU.ActiveCfg = Debug|Any CPU
		{AC2B4BFB-5601-4B98-949C-688BF9E25701}.Debug|Any CPU.Build.0 = Debug|Any CPU
		{AC2B4BFB-5601-4B98-949C-688BF9E25701}.Release|Any CPU.ActiveCfg = Release|Any CPU
		{AC2B4BFB-5601-4B98-949C-688BF9E25701}.Release|Any CPU.Build.0 = Release|Any CPU
		{067B7E7E-B148-4BC2-BDB7-4101CDA6B40C}.Debug|Any CPU.ActiveCfg = Debug|Any CPU
		{067B7E7E-B148-4BC2-BDB7-4101CDA6B40C}.Debug|Any CPU.Build.0 = Debug|Any CPU
		{067B7E7E-B148-4BC2-BDB7-4101CDA6B40C}.Release|Any CPU.ActiveCfg = Release|Any CPU
		{067B7E7E-B148-4BC2-BDB7-4101CDA6B40C}.Release|Any CPU.Build.0 = Release|Any CPU
	EndGlobalSection
	GlobalSection(SolutionProperties) = preSolution
		HideSolutionNode = FALSE
	EndGlobalSection
	GlobalSection(NestedProjects) = preSolution
		{7B434F57-BC5E-4C70-BDB3-C79DC4F94601} = {892583BD-8D59-4A3C-BE0D-9CACAC2FA801}
		{BA81740C-5C3A-418D-B644-BC9259F8F882} = {892583BD-8D59-4A3C-BE0D-9CACAC2FA801}
		{D0476D30-12A9-4356-9738-4BE59984364C} = {7B434F57-BC5E-4C70-BDB3-C79DC4F94601}
		{28B19989-9760-4FD7-A938-14EAB5F5B591} = {7B434F57-BC5E-4C70-BDB3-C79DC4F94601}
		{38EB063D-F87A-4249-A880-DD77C60AECAD} = {7B434F57-BC5E-4C70-BDB3-C79DC4F94601}
		{0FD304CE-8B91-43AF-93CC-D6295F7B74DB} = {BA81740C-5C3A-418D-B644-BC9259F8F882}
		{001E1509-46C0-4852-B2D8-3526202B3348} = {97273971-1D10-4C42-B8F5-DB845652BC7F}
		{D8AD8F23-8734-4E79-9A98-40F950984B09} = {97273971-1D10-4C42-B8F5-DB845652BC7F}
		{2645137E-E6A3-4810-B389-874A9270FE2F} = {D5B80EDC-5EDF-4B0D-BD2C-1B286C2F7E7E}
		{AC2B4BFB-5601-4B98-949C-688BF9E25701} = {8B1E966D-E22C-4AFB-88E2-D7F8C000A54F}
		{067B7E7E-B148-4BC2-BDB7-4101CDA6B40C} = {D409ED0C-93E1-4CCF-B6F4-534CA94F4C1F}
	EndGlobalSection
	GlobalSection(ExtensibilityGlobals) = postSolution
		SolutionGuid = {07CC4160-851D-42D1-98E0-49D3FFCFCC28}
	EndGlobalSection
EndGlobal
